// !$*UTF8*$!
{
	archiveVersion = 1;
	classes = {
	};
	objectVersion = 48;
	objects = {

/* Begin PBXBuildFile section */
		BCF6A8961FB5E23D003B1A10 /* AppDelegate.swift in Sources */ = {isa = PBXBuildFile; fileRef = BCF6A8951FB5E23D003B1A10 /* AppDelegate.swift */; };
		BCF6A8981FB5E23D003B1A10 /* ViewController.swift in Sources */ = {isa = PBXBuildFile; fileRef = BCF6A8971FB5E23D003B1A10 /* ViewController.swift */; };
		BCF6A89B1FB5E23D003B1A10 /* Main.storyboard in Resources */ = {isa = PBXBuildFile; fileRef = BCF6A8991FB5E23D003B1A10 /* Main.storyboard */; };
		BCF6A89D1FB5E23D003B1A10 /* Assets.xcassets in Resources */ = {isa = PBXBuildFile; fileRef = BCF6A89C1FB5E23D003B1A10 /* Assets.xcassets */; };
		BCF6A8A01FB5E23D003B1A10 /* LaunchScreen.storyboard in Resources */ = {isa = PBXBuildFile; fileRef = BCF6A89E1FB5E23D003B1A10 /* LaunchScreen.storyboard */; };
/* End PBXBuildFile section */

/* Begin PBXFileReference section */
		BCF6A8921FB5E23D003B1A10 /* To do List.app */ = {isa = PBXFileReference; explicitFileType = wrapper.application; includeInIndex = 0; path = "To do List.app"; sourceTree = BUILT_PRODUCTS_DIR; };
		BCF6A8951FB5E23D003B1A10 /* AppDelegate.swift */ = {isa = PBXFileReference; lastKnownFileType = sourcecode.swift; path = AppDelegate.swift; sourceTree = "<group>"; };
		BCF6A8971FB5E23D003B1A10 /* ViewController.swift */ = {isa = PBXFileReference; lastKnownFileType = sourcecode.swift; path = ViewController.swift; sourceTree = "<group>"; };
		BCF6A89A1FB5E23D003B1A10 /* Base */ = {isa = PBXFileReference; lastKnownFileType = file.storyboard; name = Base; path = Base.lproj/Main.storyboard; sourceTree = "<group>"; };
		BCF6A89C1FB5E23D003B1A10 /* Assets.xcassets */ = {isa = PBXFileReference; lastKnownFileType = folder.assetcatalog; path = Assets.xcassets; sourceTree = "<group>"; };
		BCF6A89F1FB5E23D003B1A10 /* Base */ = {isa = PBXFileReference; lastKnownFileType = file.storyboard; name = Base; path = Base.lproj/LaunchScreen.storyboard; sourceTree = "<group>"; };
		BCF6A8A11FB5E23D003B1A10 /* Info.plist */ = {isa = PBXFileReference; lastKnownFileType = text.plist.xml; path = Info.plist; sourceTree = "<group>"; };
/* End PBXFileReference section */

/* Begin PBXFrameworksBuildPhase section */
		BCF6A88F1FB5E23D003B1A10 /* Frameworks */ = {
			isa = PBXFrameworksBuildPhase;
			buildActionMask = 2147483647;
			files = (
			);
			runOnlyForDeploymentPostprocessing = 0;
		};
/* End PBXFrameworksBuildPhase section */

/* Begin PBXGroup section */
		BCF6A8891FB5E23D003B1A10 = {
			isa = PBXGroup;
			children = (
				BCF6A8941FB5E23D003B1A10 /* To do List */,
				BCF6A8931FB5E23D003B1A10 /* Products */,
			);
			sourceTree = "<group>";
		};
		BCF6A8931FB5E23D003B1A10 /* Products */ = {
			isa = PBXGroup;
			children = (
				BCF6A8921FB5E23D003B1A10 /* To do List.app */,
			);
			name = Products;
			sourceTree = "<group>";
		};
		BCF6A8941FB5E23D003B1A10 /* To do List */ = {
			isa = PBXGroup;
			children = (
				BCF6A8951FB5E23D003B1A10 /* AppDelegate.swift */,
				BCF6A8971FB5E23D003B1A10 /* ViewController.swift */,
				BCF6A8991FB5E23D003B1A10 /* Main.storyboard */,
				BCF6A89C1FB5E23D003B1A10 /* Assets.xcassets */,
				BCF6A89E1FB5E23D003B1A10 /* LaunchScreen.storyboard */,
				BCF6A8A11FB5E23D003B1A10 /* Info.plist */,
			);
			path = "To do List";
			sourceTree = "<group>";
		};
/* End PBXGroup section */

/* Begin PBXNativeTarget section */
		BCF6A8911FB5E23D003B1A10 /* To do List */ = {
			isa = PBXNativeTarget;
			buildConfigurationList = BCF6A8A41FB5E23D003B1A10 /* Build configuration list for PBXNativeTarget "To do List" */;
			buildPhases = (
				BCF6A88E1FB5E23D003B1A10 /* Sources */,
				BCF6A88F1FB5E23D003B1A10 /* Frameworks */,
				BCF6A8901FB5E23D003B1A10 /* Resources */,
			);
			buildRules = (
			);
			dependencies = (
			);
			name = "To do List";
			productName = "To do List";
			productReference = BCF6A8921FB5E23D003B1A10 /* To do List.app */;
			productType = "com.apple.product-type.application";
		};
/* End PBXNativeTarget section */

/* Begin PBXProject section */
		BCF6A88A1FB5E23D003B1A10 /* Project object */ = {
			isa = PBXProject;
			attributes = {
				LastSwiftUpdateCheck = 0900;
				LastUpgradeCheck = 0900;
				ORGANIZATIONNAME = "Thang Vo";
				TargetAttributes = {
					BCF6A8911FB5E23D003B1A10 = {
						CreatedOnToolsVersion = 9.0;
						ProvisioningStyle = Automatic;
					};
				};
			};
			buildConfigurationList = BCF6A88D1FB5E23D003B1A10 /* Build configuration list for PBXProject "To do List" */;
			compatibilityVersion = "Xcode 8.0";
			developmentRegion = en;
			hasScannedForEncodings = 0;
			knownRegions = (
				en,
				Base,
			);
			mainGroup = BCF6A8891FB5E23D003B1A10;
			productRefGroup = BCF6A8931FB5E23D003B1A10 /* Products */;
			projectDirPath = "";
			projectRoot = "";
			targets = (
				BCF6A8911FB5E23D003B1A10 /* To do List */,
			);
		};
/* End PBXProject section */

/* Begin PBXResourcesBuildPhase section */
		BCF6A8901FB5E23D003B1A10 /* Resources */ = {
			isa = PBXResourcesBuildPhase;
			buildActionMask = 2147483647;
			files = (
				BCF6A8A01FB5E23D003B1A10 /* LaunchScreen.storyboard in Resources */,
				BCF6A89D1FB5E23D003B1A10 /* Assets.xcassets in Resources */,
				BCF6A89B1FB5E23D003B1A10 /* Main.storyboard in Resources */,
			);
			runOnlyForDeploymentPostprocessing = 0;
		};
/* End PBXResourcesBuildPhase section */

/* Begin PBXSourcesBuildPhase section */
		BCF6A88E1FB5E23D003B1A10 /* Sources */ = {
			isa = PBXSourcesBuildPhase;
			buildActionMask = 2147483647;
			files = (
				BCF6A8981FB5E23D003B1A10 /* ViewController.swift in Sources */,
				BCF6A8961FB5E23D003B1A10 /* AppDelegate.swift in Sources */,
			);
			runOnlyForDeploymentPostprocessing = 0;
		};
/* End PBXSourcesBuildPhase section */

/* Begin PBXVariantGroup section */
		BCF6A8991FB5E23D003B1A10 /* Main.storyboard */ = {
			isa = PBXVariantGroup;
			children = (
				BCF6A89A1FB5E23D003B1A10 /* Base */,
			);
			name = Main.storyboard;
			sourceTree = "<group>";
		};
		BCF6A89E1FB5E23D003B1A10 /* LaunchScreen.storyboard */ = {
			isa = PBXVariantGroup;
			children = (
				BCF6A89F1FB5E23D003B1A10 /* Base */,
			);
			name = LaunchScreen.storyboard;
			sourceTree = "<group>";
		};
/* End PBXVariantGroup section */

/* Begin XCBuildConfiguration section */
		BCF6A8A21FB5E23D003B1A10 /* Debug */ = {
			isa = XCBuildConfiguration;
			buildSettings = {
				ALWAYS_SEARCH_USER_PATHS = NO;
				CLANG_ANALYZER_NONNULL = YES;
				CLANG_ANALYZER_NUMBER_OBJECT_CONVERSION = YES_AGGRESSIVE;
				CLANG_CXX_LANGUAGE_STANDARD = "gnu++14";
				CLANG_CXX_LIBRARY = "libc++";
				CLANG_ENABLE_MODULES = YES;
				CLANG_ENABLE_OBJC_ARC = YES;
				CLANG_WARN_BLOCK_CAPTURE_AUTORELEASING = YES;
				CLANG_WARN_BOOL_CONVERSION = YES;
				CLANG_WARN_COMMA = YES;
				CLANG_WARN_CONSTANT_CONVERSION = YES;
				CLANG_WARN_DIRECT_OBJC_ISA_USAGE = YES_ERROR;
				CLANG_WARN_DOCUMENTATION_COMMENTS = YES;
				CLANG_WARN_EMPTY_BODY = YES;
				CLANG_WARN_ENUM_CONVERSION = YES;
				CLANG_WARN_INFINITE_RECURSION = YES;
				CLANG_WARN_INT_CONVERSION = YES;
				CLANG_WARN_NON_LITERAL_NULL_CONVERSION = YES;
				CLANG_WARN_OBJC_LITERAL_CONVERSION = YES;
				CLANG_WARN_OBJC_ROOT_CLASS = YES_ERROR;
				CLANG_WARN_RANGE_LOOP_ANALYSIS = YES;
				CLANG_WARN_STRICT_PROTOTYPES = YES;
				CLANG_WARN_SUSPICIOUS_MOVE = YES;
				CLANG_WARN_UNGUARDED_AVAILABILITY = YES_AGGRESSIVE;
				CLANG_WARN_UNREACHABLE_CODE = YES;
				CLANG_WARN__DUPLICATE_METHOD_MATCH = YES;
				CODE_SIGN_IDENTITY = "iPhone Developer";
				COPY_PHASE_STRIP = NO;
				DEBUG_INFORMATION_FORMAT = dwarf;
				ENABLE_STRICT_OBJC_MSGSEND = YES;
				ENABLE_TESTABILITY = YES;
				GCC_C_LANGUAGE_STANDARD = gnu11;
				GCC_DYNAMIC_NO_PIC = NO;
				GCC_NO_COMMON_BLOCKS = YES;
				GCC_OPTIMIZATION_LEVEL = 0;
				GCC_PREPROCESSOR_DEFINITIONS = (
					"DEBUG=1",
					"$(inherited)",
				);
				GCC_WARN_64_TO_32_BIT_CONVERSION = YES;
				GCC_WARN_ABOUT_RETURN_TYPE = YES_ERROR;
				GCC_WARN_UNDECLARED_SELECTOR = YES;
				GCC_WARN_UNINITIALIZED_AUTOS = YES_AGGRESSIVE;
				GCC_WARN_UNUSED_FUNCTION = YES;
				GCC_WARN_UNUSED_VARIABLE = YES;
				IPHONEOS_DEPLOYMENT_TARGET = 11.0;
				MTL_ENABLE_DEBUG_INFO = YES;
				ONLY_ACTIVE_ARCH = YES;
				SDKROOT = iphoneos;
				SWIFT_ACTIVE_COMPILATION_CONDITIONS = DEBUG;
				SWIFT_OPTIMIZATION_LEVEL = "-Onone";
			};
			name = Debug;
		};
		BCF6A8A31FB5E23D003B1A10 /* Release */ = {
			isa = XCBuildConfiguration;
			buildSettings = {
				ALWAYS_SEARCH_USER_PATHS = NO;
				CLANG_ANALYZER_NONNULL = YES;
				CLANG_ANALYZER_NUMBER_OBJECT_CONVERSION = YES_AGGRESSIVE;
				CLANG_CXX_LANGUAGE_STANDARD = "gnu++14";
				CLANG_CXX_LIBRARY = "libc++";
				CLANG_ENABLE_MODULES = YES;
				CLANG_ENABLE_OBJC_ARC = YES;
				CLANG_WARN_BLOCK_CAPTURE_AUTORELEASING = YES;
				CLANG_WARN_BOOL_CONVERSION = YES;
				CLANG_WARN_COMMA = YES;
				CLANG_WARN_CONSTANT_CONVERSION = YES;
				CLANG_WARN_DIRECT_OBJC_ISA_USAGE = YES_ERROR;
				CLANG_WARN_DOCUMENTATION_COMMENTS = YES;
				CLANG_WARN_EMPTY_BODY = YES;
				CLANG_WARN_ENUM_CONVERSION = YES;
				CLANG_WARN_INFINITE_RECURSION = YES;
				CLANG_WARN_INT_CONVERSION = YES;
				CLANG_WARN_NON_LITERAL_NULL_CONVERSION = YES;
				CLANG_WARN_OBJC_LITERAL_CONVERSION = YES;
				CLANG_WARN_OBJC_ROOT_CLASS = YES_ERROR;
				CLANG_WARN_RANGE_LOOP_ANALYSIS = YES;
				CLANG_WARN_STRICT_PROTOTYPES = YES;
				CLANG_WARN_SUSPICIOUS_MOVE = YES;
				CLANG_WARN_UNGUARDED_AVAILABILITY = YES_AGGRESSIVE;
				CLANG_WARN_UNREACHABLE_CODE = YES;
				CLANG_WARN__DUPLICATE_METHOD_MATCH = YES;
				CODE_SIGN_IDENTITY = "iPhone Developer";
				COPY_PHASE_STRIP = NO;
				DEBUG_INFORMATION_FORMAT = "dwarf-with-dsym";
				ENABLE_NS_ASSERTIONS = NO;
				ENABLE_STRICT_OBJC_MSGSEND = YES;
				GCC_C_LANGUAGE_STANDARD = gnu11;
				GCC_NO_COMMON_BLOCKS = YES;
				GCC_WARN_64_TO_32_BIT_CONVERSION = YES;
				GCC_WARN_ABOUT_RETURN_TYPE = YES_ERROR;
				GCC_WARN_UNDECLARED_SELECTOR = YES;
				GCC_WARN_UNINITIALIZED_AUTOS = YES_AGGRESSIVE;
				GCC_WARN_UNUSED_FUNCTION = YES;
				GCC_WARN_UNUSED_VARIABLE = YES;
				IPHONEOS_DEPLOYMENT_TARGET = 11.0;
				MTL_ENABLE_DEBUG_INFO = NO;
				SDKROOT = iphoneos;
				SWIFT_OPTIMIZATION_LEVEL = "-Owholemodule";
				VALIDATE_PRODUCT = YES;
			};
			name = Release;
		};
		BCF6A8A51FB5E23D003B1A10 /* Debug */ = {
			isa = XCBuildConfiguration;
			buildSettings = {
				ASSETCATALOG_COMPILER_APPICON_NAME = AppIcon;
				CODE_SIGN_STYLE = Automatic;
				DEVELOPMENT_TEAM = S25PM63285;
				INFOPLIST_FILE = "To do List/Info.plist";
				LD_RUNPATH_SEARCH_PATHS = "$(inherited) @executable_path/Frameworks";
				PRODUCT_BUNDLE_IDENTIFIER = "com.thangvo.To-do-List";
				PRODUCT_NAME = "$(TARGET_NAME)";
				SWIFT_VERSION = 4.0;
				TARGETED_DEVICE_FAMILY = "1,2";
			};
			name = Debug;
		};
		BCF6A8A61FB5E23D003B1A10 /* Release */ = {
			isa = XCBuildConfiguration;
			buildSettings = {
				ASSETCATALOG_COMPILER_APPICON_NAME = AppIcon;
				CODE_SIGN_STYLE = Automatic;
				DEVELOPMENT_TEAM = S25PM63285;
				INFOPLIST_FILE = "To do List/Info.plist";
				LD_RUNPATH_SEARCH_PATHS = "$(inherited) @executable_path/Frameworks";
				PRODUCT_BUNDLE_IDENTIFIER = "com.thangvo.To-do-List";
				PRODUCT_NAME = "$(TARGET_NAME)";
				SWIFT_VERSION = 4.0;
				TARGETED_DEVICE_FAMILY = "1,2";
			};
			name = Release;
		};
/* End XCBuildConfiguration section */

/* Begin XCConfigurationList section */
		BCF6A88D1FB5E23D003B1A10 /* Build configuration list for PBXProject "To do List" */ = {
			isa = XCConfigurationList;
			buildConfigurations = (
				BCF6A8A21FB5E23D003B1A10 /* Debug */,
				BCF6A8A31FB5E23D003B1A10 /* Release */,
			);
			defaultConfigurationIsVisible = 0;
			defaultConfigurationName = Release;
		};
		BCF6A8A41FB5E23D003B1A10 /* Build configuration list for PBXNativeTarget "To do List" */ = {
			isa = XCConfigurationList;
			buildConfigurations = (
				BCF6A8A51FB5E23D003B1A10 /* Debug */,
				BCF6A8A61FB5E23D003B1A10 /* Release */,
			);
			defaultConfigurationIsVisible = 0;
			defaultConfigurationName = Release;
		};
/* End XCConfigurationList section */
	};
	rootObject = BCF6A88A1FB5E23D003B1A10 /* Project object */;
}
